
Microsoft Visual Studio Solution File, Format Version 12.00
# Visual Studio Version 17
VisualStudioVersion = 17.8.34330.188
MinimumVisualStudioVersion = 10.0.40219.1
Project("{FAE04EC0-301F-11D3-BF4B-00C04F79EFBC}") = "GA_MergeSort", "GA_MergeSort.csproj", "{B20A20AE-584C-443E-9250-71AC8D31E416}"
EndProject
Global
	GlobalSection(SolutionConfigurationPlatforms) = preSolution
		Debug|Any CPU = Debug|Any CPU
		Release|Any CPU = Release|Any CPU
	EndGlobalSection
	GlobalSection(ProjectConfigurationPlatforms) = postSolution
		{B20A20AE-584C-443E-9250-71AC8D31E416}.Debug|Any CPU.ActiveCfg = Debug|Any CPU
		{B20A20AE-584C-443E-9250-71AC8D31E416}.Debug|Any CPU.Build.0 = Debug|Any CPU
		{B20A20AE-584C-443E-9250-71AC8D31E416}.Release|Any CPU.ActiveCfg = Release|Any CPU
		{B20A20AE-584C-443E-9250-71AC8D31E416}.Release|Any CPU.Build.0 = Release|Any CPU
	EndGlobalSection
	GlobalSection(SolutionProperties) = preSolution
		HideSolutionNode = FALSE
	EndGlobalSection
	GlobalSection(ExtensibilityGlobals) = postSolution
		SolutionGuid = {E97B4FAF-7961-4657-8498-B1EE4457DC85}
	EndGlobalSection
EndGlobal
